
Microsoft Visual Studio Solution File, Format Version 12.00
# Visual Studio Version 17
VisualStudioVersion = 17.6.33801.468
MinimumVisualStudioVersion = 10.0.40219.1
Project("{FAE04EC0-301F-11D3-BF4B-00C04F79EFBC}") = "NewsManagementSystem", "NewsManagementSystem\NewsManagementSystem.csproj", "{29114207-B683-4E9F-A36E-9BBB8EA52680}"
EndProject
Project("{FAE04EC0-301F-11D3-BF4B-00C04F79EFBC}") = "NewsManagementSystem.Models", "Models\NewsManagementSystem.Models.csproj", "{D5CFCCB9-CD82-4A75-A8EB-37A14FCD8CAF}"
EndProject
Project("{FAE04EC0-301F-11D3-BF4B-00C04F79EFBC}") = "NewsManagementSystem.DataAccess", "NewsManagementSystem.DataAccess\NewsManagementSystem.DataAccess.csproj", "{6AD6019A-19A6-42DC-9094-35997ABA1C6B}"
EndProject
Global
	GlobalSection(SolutionConfigurationPlatforms) = preSolution
		Debug|Any CPU = Debug|Any CPU
		Release|Any CPU = Release|Any CPU
	EndGlobalSection
	GlobalSection(ProjectConfigurationPlatforms) = postSolution
		{29114207-B683-4E9F-A36E-9BBB8EA52680}.Debug|Any CPU.ActiveCfg = Debug|Any CPU
		{29114207-B683-4E9F-A36E-9BBB8EA52680}.Debug|Any CPU.Build.0 = Debug|Any CPU
		{29114207-B683-4E9F-A36E-9BBB8EA52680}.Release|Any CPU.ActiveCfg = Release|Any CPU
		{29114207-B683-4E9F-A36E-9BBB8EA52680}.Release|Any CPU.Build.0 = Release|Any CPU
		{D5CFCCB9-CD82-4A75-A8EB-37A14FCD8CAF}.Debug|Any CPU.ActiveCfg = Debug|Any CPU
		{D5CFCCB9-CD82-4A75-A8EB-37A14FCD8CAF}.Debug|Any CPU.Build.0 = Debug|Any CPU
		{D5CFCCB9-CD82-4A75-A8EB-37A14FCD8CAF}.Release|Any CPU.ActiveCfg = Release|Any CPU
		{D5CFCCB9-CD82-4A75-A8EB-37A14FCD8CAF}.Release|Any CPU.Build.0 = Release|Any CPU
		{6AD6019A-19A6-42DC-9094-35997ABA1C6B}.Debug|Any CPU.ActiveCfg = Debug|Any CPU
		{6AD6019A-19A6-42DC-9094-35997ABA1C6B}.Debug|Any CPU.Build.0 = Debug|Any CPU
		{6AD6019A-19A6-42DC-9094-35997ABA1C6B}.Release|Any CPU.ActiveCfg = Release|Any CPU
		{6AD6019A-19A6-42DC-9094-35997ABA1C6B}.Release|Any CPU.Build.0 = Release|Any CPU
	EndGlobalSection
	GlobalSection(SolutionProperties) = preSolution
		HideSolutionNode = FALSE
	EndGlobalSection
	GlobalSection(ExtensibilityGlobals) = postSolution
		SolutionGuid = {E59F5DB4-0CEE-4F7C-8A57-C4B4F4F5DFDA}
	EndGlobalSection
EndGlobal
